
Microsoft Visual Studio Solution File, Format Version 12.00
# Visual Studio 15
VisualStudioVersion = 15.0.27703.2018
MinimumVisualStudioVersion = 10.0.40219.1
Project("{FAE04EC0-301F-11D3-BF4B-00C04F79EFBC}") = "EurekaGit", "EurekaGit\EurekaGit.csproj", "{6BB9DFD7-E78C-4CDB-80B8-8D079171E976}"
EndProject
Global
	GlobalSection(SolutionConfigurationPlatforms) = preSolution
		Debug|Any CPU = Debug|Any CPU
		Release|Any CPU = Release|Any CPU
	EndGlobalSection
	GlobalSection(ProjectConfigurationPlatforms) = postSolution
		{6BB9DFD7-E78C-4CDB-80B8-8D079171E976}.Debug|Any CPU.ActiveCfg = Debug|Any CPU
		{6BB9DFD7-E78C-4CDB-80B8-8D079171E976}.Debug|Any CPU.Build.0 = Debug|Any CPU
		{6BB9DFD7-E78C-4CDB-80B8-8D079171E976}.Release|Any CPU.ActiveCfg = Release|Any CPU
		{6BB9DFD7-E78C-4CDB-80B8-8D079171E976}.Release|Any CPU.Build.0 = Release|Any CPU
	EndGlobalSection
	GlobalSection(SolutionProperties) = preSolution
		HideSolutionNode = FALSE
	EndGlobalSection
	GlobalSection(ExtensibilityGlobals) = postSolution
		SolutionGuid = {2EBCBA76-62B5-4597-8E9E-B65E2D8C9771}
	EndGlobalSection
EndGlobal
