# This file is autogenerated, do not edit; changes may be undone by the next 'dep ensure'.


[[projects]]
  name = "github.com/PuerkitoBio/goquery"
  packages = ["."]
  revision = "dc2ec5c7ca4d9aae063b79b9f581dd3ea6afd2b2"
  version = "v1.4.1"

[[projects]]
  name = "github.com/andybalholm/cascadia"
  packages = ["."]
  revision = "901648c87902174f774fac311d7f176f8647bdaa"
  version = "v1.0.0"

[[projects]]
  branch = "master"
  name = "github.com/andygrunwald/go-trending"
  packages = ["."]
  revision = "52fad8435aeccb1c2f39abac5211a00748e4c41b"

[[projects]]
  name = "github.com/google/go-github"
  packages = ["github"]
  revision = "e48060a28fac52d0f1cb758bc8b87c07bac4a87d"
  version = "v15.0.0"

[[projects]]
  branch = "master"
  name = "github.com/google/go-querystring"
  packages = ["query"]
  revision = "53e6ce116135b80d037921a7fdd5138cf32d7a8a"

[[projects]]
  branch = "master"
  name = "golang.org/x/net"
  packages = [
    "html",
    "html/atom"
  ]
  revision = "32a936f46389aa10549d60bd7833e54b01685d09"

[solve-meta]
  analyzer-name = "dep"
  analyzer-version = 1
  inputs-digest = "7acb01bddbffbaa1a7042cbe1f35835c2a0bc207ed275d75e00b5f0ad8e474ad"
  solver-name = "gps-cdcl"
  solver-version = 1
