// !$*UTF8*$!
{
	archiveVersion = 1;
	classes = {
	};
	objectVersion = 50;
	objects = {

/* Begin PBXBuildFile section */
		13B9D9D8F5DB3AFEF4152EC5 /* Pods_CommitList.framework in Frameworks */ = {isa = PBXBuildFile; fileRef = 64241025B2A286EDEE2E867A /* Pods_CommitList.framework */; };
		1B367FBA20BC3AC800BDD9FB /* CommitListView.storyboard in Resources */ = {isa = PBXBuildFile; fileRef = 1B367FB920BC3AC800BDD9FB /* CommitListView.storyboard */; };
		1B367FBC20BC3C0F00BDD9FB /* CommitDetailsView.storyboard in Resources */ = {isa = PBXBuildFile; fileRef = 1B367FBB20BC3C0F00BDD9FB /* CommitDetailsView.storyboard */; };
		1BFF776F20BC0ACA00B22A0C /* AppDelegate.swift in Sources */ = {isa = PBXBuildFile; fileRef = 1BFF776E20BC0ACA00B22A0C /* AppDelegate.swift */; };
		1BFF777420BC0ACA00B22A0C /* Main.storyboard in Resources */ = {isa = PBXBuildFile; fileRef = 1BFF777220BC0ACA00B22A0C /* Main.storyboard */; };
		1BFF777620BC0ACE00B22A0C /* Assets.xcassets in Resources */ = {isa = PBXBuildFile; fileRef = 1BFF777520BC0ACE00B22A0C /* Assets.xcassets */; };
		1BFF777920BC0ACE00B22A0C /* LaunchScreen.storyboard in Resources */ = {isa = PBXBuildFile; fileRef = 1BFF777720BC0ACE00B22A0C /* LaunchScreen.storyboard */; };
		1BFF778520BC0D9B00B22A0C /* CommitTableViewCell.swift in Sources */ = {isa = PBXBuildFile; fileRef = 1BFF778320BC0D9B00B22A0C /* CommitTableViewCell.swift */; };
		1BFF778620BC0D9B00B22A0C /* CommitTableViewCell.xib in Resources */ = {isa = PBXBuildFile; fileRef = 1BFF778420BC0D9B00B22A0C /* CommitTableViewCell.xib */; };
		1BFF778820BC0E2A00B22A0C /* CommitListViewController.swift in Sources */ = {isa = PBXBuildFile; fileRef = 1BFF778720BC0E2A00B22A0C /* CommitListViewController.swift */; };
		1BFF778A20BC0EC400B22A0C /* CommitTableViewController+UITableViewDataSource.swift in Sources */ = {isa = PBXBuildFile; fileRef = 1BFF778920BC0EC400B22A0C /* CommitTableViewController+UITableViewDataSource.swift */; };
		1BFF778C20BC0ED900B22A0C /* CommitTableViewController+UITableViewDelegate.swift in Sources */ = {isa = PBXBuildFile; fileRef = 1BFF778B20BC0ED900B22A0C /* CommitTableViewController+UITableViewDelegate.swift */; };
		1BFF778F20BC0FAB00B22A0C /* Strings.swift in Sources */ = {isa = PBXBuildFile; fileRef = 1BFF778E20BC0FAB00B22A0C /* Strings.swift */; };
		1BFF779120BC12B200B22A0C /* Commit.swift in Sources */ = {isa = PBXBuildFile; fileRef = 1BFF779020BC12B200B22A0C /* Commit.swift */; };
		1BFF779420BC12F400B22A0C /* CommitManager.swift in Sources */ = {isa = PBXBuildFile; fileRef = 1BFF779320BC12F400B22A0C /* CommitManager.swift */; };
/* End PBXBuildFile section */

/* Begin PBXFileReference section */
		108E9E87D693661035FD890C /* Pods-CommitList.release.xcconfig */ = {isa = PBXFileReference; includeInIndex = 1; lastKnownFileType = text.xcconfig; name = "Pods-CommitList.release.xcconfig"; path = "Pods/Target Support Files/Pods-CommitList/Pods-CommitList.release.xcconfig"; sourceTree = "<group>"; };
		1B367FB920BC3AC800BDD9FB /* CommitListView.storyboard */ = {isa = PBXFileReference; lastKnownFileType = file.storyboard; path = CommitListView.storyboard; sourceTree = "<group>"; };
		1B367FBB20BC3C0F00BDD9FB /* CommitDetailsView.storyboard */ = {isa = PBXFileReference; lastKnownFileType = file.storyboard; path = CommitDetailsView.storyboard; sourceTree = "<group>"; };
		1BFF776B20BC0ACA00B22A0C /* CommitList.app */ = {isa = PBXFileReference; explicitFileType = wrapper.application; includeInIndex = 0; path = CommitList.app; sourceTree = BUILT_PRODUCTS_DIR; };
		1BFF776E20BC0ACA00B22A0C /* AppDelegate.swift */ = {isa = PBXFileReference; lastKnownFileType = sourcecode.swift; path = AppDelegate.swift; sourceTree = "<group>"; };
		1BFF777320BC0ACA00B22A0C /* Base */ = {isa = PBXFileReference; lastKnownFileType = file.storyboard; name = Base; path = Base.lproj/Main.storyboard; sourceTree = "<group>"; };
		1BFF777520BC0ACE00B22A0C /* Assets.xcassets */ = {isa = PBXFileReference; lastKnownFileType = folder.assetcatalog; path = Assets.xcassets; sourceTree = "<group>"; };
		1BFF777820BC0ACE00B22A0C /* Base */ = {isa = PBXFileReference; lastKnownFileType = file.storyboard; name = Base; path = Base.lproj/LaunchScreen.storyboard; sourceTree = "<group>"; };
		1BFF777A20BC0ACE00B22A0C /* Info.plist */ = {isa = PBXFileReference; lastKnownFileType = text.plist.xml; path = Info.plist; sourceTree = "<group>"; };
		1BFF778320BC0D9B00B22A0C /* CommitTableViewCell.swift */ = {isa = PBXFileReference; lastKnownFileType = sourcecode.swift; path = CommitTableViewCell.swift; sourceTree = "<group>"; };
		1BFF778420BC0D9B00B22A0C /* CommitTableViewCell.xib */ = {isa = PBXFileReference; lastKnownFileType = file.xib; path = CommitTableViewCell.xib; sourceTree = "<group>"; };
		1BFF778720BC0E2A00B22A0C /* CommitListViewController.swift */ = {isa = PBXFileReference; lastKnownFileType = sourcecode.swift; path = CommitListViewController.swift; sourceTree = "<group>"; };
		1BFF778920BC0EC400B22A0C /* CommitTableViewController+UITableViewDataSource.swift */ = {isa = PBXFileReference; lastKnownFileType = sourcecode.swift; path = "CommitTableViewController+UITableViewDataSource.swift"; sourceTree = "<group>"; };
		1BFF778B20BC0ED900B22A0C /* CommitTableViewController+UITableViewDelegate.swift */ = {isa = PBXFileReference; lastKnownFileType = sourcecode.swift; path = "CommitTableViewController+UITableViewDelegate.swift"; sourceTree = "<group>"; };
		1BFF778E20BC0FAB00B22A0C /* Strings.swift */ = {isa = PBXFileReference; lastKnownFileType = sourcecode.swift; path = Strings.swift; sourceTree = "<group>"; };
		1BFF779020BC12B200B22A0C /* Commit.swift */ = {isa = PBXFileReference; lastKnownFileType = sourcecode.swift; path = Commit.swift; sourceTree = "<group>"; };
		1BFF779320BC12F400B22A0C /* CommitManager.swift */ = {isa = PBXFileReference; lastKnownFileType = sourcecode.swift; path = CommitManager.swift; sourceTree = "<group>"; };
		64241025B2A286EDEE2E867A /* Pods_CommitList.framework */ = {isa = PBXFileReference; explicitFileType = wrapper.framework; includeInIndex = 0; path = Pods_CommitList.framework; sourceTree = BUILT_PRODUCTS_DIR; };
		EC1A50E46D89A7256590A6F5 /* Pods-CommitList.debug.xcconfig */ = {isa = PBXFileReference; includeInIndex = 1; lastKnownFileType = text.xcconfig; name = "Pods-CommitList.debug.xcconfig"; path = "Pods/Target Support Files/Pods-CommitList/Pods-CommitList.debug.xcconfig"; sourceTree = "<group>"; };
/* End PBXFileReference section */

/* Begin PBXFrameworksBuildPhase section */
		1BFF776820BC0ACA00B22A0C /* Frameworks */ = {
			isa = PBXFrameworksBuildPhase;
			buildActionMask = 2147483647;
			files = (
				13B9D9D8F5DB3AFEF4152EC5 /* Pods_CommitList.framework in Frameworks */,
			);
			runOnlyForDeploymentPostprocessing = 0;
		};
/* End PBXFrameworksBuildPhase section */

/* Begin PBXGroup section */
		1BFF776220BC0ACA00B22A0C = {
			isa = PBXGroup;
			children = (
				1BFF776D20BC0ACA00B22A0C /* CommitList */,
				1BFF776C20BC0ACA00B22A0C /* Products */,
				7AB34E135A4FB727DA656023 /* Pods */,
				25BC82775EBA073A46CDD25D /* Frameworks */,
			);
			sourceTree = "<group>";
		};
		1BFF776C20BC0ACA00B22A0C /* Products */ = {
			isa = PBXGroup;
			children = (
				1BFF776B20BC0ACA00B22A0C /* CommitList.app */,
			);
			name = Products;
			sourceTree = "<group>";
		};
		1BFF776D20BC0ACA00B22A0C /* CommitList */ = {
			isa = PBXGroup;
			children = (
				1BFF778D20BC0F8C00B22A0C /* Res */,
				1BFF778220BC0D5F00B22A0C /* Controller */,
				1BFF778120BC0D5800B22A0C /* View */,
				1BFF778020BC0D4F00B22A0C /* Model */,
				1BFF776E20BC0ACA00B22A0C /* AppDelegate.swift */,
				1BFF777520BC0ACE00B22A0C /* Assets.xcassets */,
				1BFF777720BC0ACE00B22A0C /* LaunchScreen.storyboard */,
				1BFF777A20BC0ACE00B22A0C /* Info.plist */,
			);
			path = CommitList;
			sourceTree = "<group>";
		};
		1BFF778020BC0D4F00B22A0C /* Model */ = {
			isa = PBXGroup;
			children = (
				1BFF779020BC12B200B22A0C /* Commit.swift */,
				1BFF779320BC12F400B22A0C /* CommitManager.swift */,
			);
			path = Model;
			sourceTree = "<group>";
		};
		1BFF778120BC0D5800B22A0C /* View */ = {
			isa = PBXGroup;
			children = (
				1BFF777220BC0ACA00B22A0C /* Main.storyboard */,
				1BFF778320BC0D9B00B22A0C /* CommitTableViewCell.swift */,
				1BFF778420BC0D9B00B22A0C /* CommitTableViewCell.xib */,
				1B367FB920BC3AC800BDD9FB /* CommitListView.storyboard */,
				1B367FBB20BC3C0F00BDD9FB /* CommitDetailsView.storyboard */,
			);
			path = View;
			sourceTree = "<group>";
		};
		1BFF778220BC0D5F00B22A0C /* Controller */ = {
			isa = PBXGroup;
			children = (
				1BFF778720BC0E2A00B22A0C /* CommitListViewController.swift */,
				1BFF778920BC0EC400B22A0C /* CommitTableViewController+UITableViewDataSource.swift */,
				1BFF778B20BC0ED900B22A0C /* CommitTableViewController+UITableViewDelegate.swift */,
			);
			path = Controller;
			sourceTree = "<group>";
		};
		1BFF778D20BC0F8C00B22A0C /* Res */ = {
			isa = PBXGroup;
			children = (
				1BFF778E20BC0FAB00B22A0C /* Strings.swift */,
			);
			path = Res;
			sourceTree = "<group>";
		};
		25BC82775EBA073A46CDD25D /* Frameworks */ = {
			isa = PBXGroup;
			children = (
				64241025B2A286EDEE2E867A /* Pods_CommitList.framework */,
			);
			name = Frameworks;
			sourceTree = "<group>";
		};
		7AB34E135A4FB727DA656023 /* Pods */ = {
			isa = PBXGroup;
			children = (
				EC1A50E46D89A7256590A6F5 /* Pods-CommitList.debug.xcconfig */,
				108E9E87D693661035FD890C /* Pods-CommitList.release.xcconfig */,
			);
			name = Pods;
			sourceTree = "<group>";
		};
/* End PBXGroup section */

/* Begin PBXNativeTarget section */
		1BFF776A20BC0ACA00B22A0C /* CommitList */ = {
			isa = PBXNativeTarget;
			buildConfigurationList = 1BFF777D20BC0ACE00B22A0C /* Build configuration list for PBXNativeTarget "CommitList" */;
			buildPhases = (
				767340F53535B454965F86B3 /* [CP] Check Pods Manifest.lock */,
				1BFF776720BC0ACA00B22A0C /* Sources */,
				1BFF776820BC0ACA00B22A0C /* Frameworks */,
				1BFF776920BC0ACA00B22A0C /* Resources */,
				A1722AE0270DD1CC944DC380 /* [CP] Embed Pods Frameworks */,
			);
			buildRules = (
			);
			dependencies = (
			);
			name = CommitList;
			productName = CommitList;
			productReference = 1BFF776B20BC0ACA00B22A0C /* CommitList.app */;
			productType = "com.apple.product-type.application";
		};
/* End PBXNativeTarget section */

/* Begin PBXProject section */
		1BFF776320BC0ACA00B22A0C /* Project object */ = {
			isa = PBXProject;
			attributes = {
				LastSwiftUpdateCheck = 0930;
				LastUpgradeCheck = 0930;
				ORGANIZATIONNAME = "kawaguchi kohei";
				TargetAttributes = {
					1BFF776A20BC0ACA00B22A0C = {
						CreatedOnToolsVersion = 9.3;
					};
				};
			};
			buildConfigurationList = 1BFF776620BC0ACA00B22A0C /* Build configuration list for PBXProject "CommitList" */;
			compatibilityVersion = "Xcode 9.3";
			developmentRegion = en;
			hasScannedForEncodings = 0;
			knownRegions = (
				en,
				Base,
			);
			mainGroup = 1BFF776220BC0ACA00B22A0C;
			productRefGroup = 1BFF776C20BC0ACA00B22A0C /* Products */;
			projectDirPath = "";
			projectRoot = "";
			targets = (
				1BFF776A20BC0ACA00B22A0C /* CommitList */,
			);
		};
/* End PBXProject section */

/* Begin PBXResourcesBuildPhase section */
		1BFF776920BC0ACA00B22A0C /* Resources */ = {
			isa = PBXResourcesBuildPhase;
			buildActionMask = 2147483647;
			files = (
				1BFF778620BC0D9B00B22A0C /* CommitTableViewCell.xib in Resources */,
				1BFF777920BC0ACE00B22A0C /* LaunchScreen.storyboard in Resources */,
				1BFF777620BC0ACE00B22A0C /* Assets.xcassets in Resources */,
				1B367FBC20BC3C0F00BDD9FB /* CommitDetailsView.storyboard in Resources */,
				1BFF777420BC0ACA00B22A0C /* Main.storyboard in Resources */,
				1B367FBA20BC3AC800BDD9FB /* CommitListView.storyboard in Resources */,
			);
			runOnlyForDeploymentPostprocessing = 0;
		};
/* End PBXResourcesBuildPhase section */

/* Begin PBXShellScriptBuildPhase section */
		767340F53535B454965F86B3 /* [CP] Check Pods Manifest.lock */ = {
			isa = PBXShellScriptBuildPhase;
			buildActionMask = 2147483647;
			files = (
			);
			inputPaths = (
				"${PODS_PODFILE_DIR_PATH}/Podfile.lock",
				"${PODS_ROOT}/Manifest.lock",
			);
			name = "[CP] Check Pods Manifest.lock";
			outputPaths = (
				"$(DERIVED_FILE_DIR)/Pods-CommitList-checkManifestLockResult.txt",
			);
			runOnlyForDeploymentPostprocessing = 0;
			shellPath = /bin/sh;
			shellScript = "diff \"${PODS_PODFILE_DIR_PATH}/Podfile.lock\" \"${PODS_ROOT}/Manifest.lock\" > /dev/null\nif [ $? != 0 ] ; then\n    # print error to STDERR\n    echo \"error: The sandbox is not in sync with the Podfile.lock. Run 'pod install' or update your CocoaPods installation.\" >&2\n    exit 1\nfi\n# This output is used by Xcode 'outputs' to avoid re-running this script phase.\necho \"SUCCESS\" > \"${SCRIPT_OUTPUT_FILE_0}\"\n";
			showEnvVarsInLog = 0;
		};
		A1722AE0270DD1CC944DC380 /* [CP] Embed Pods Frameworks */ = {
			isa = PBXShellScriptBuildPhase;
			buildActionMask = 2147483647;
			files = (
			);
			inputPaths = (
				"${SRCROOT}/Pods/Target Support Files/Pods-CommitList/Pods-CommitList-frameworks.sh",
				"${BUILT_PRODUCTS_DIR}/Alamofire/Alamofire.framework",
				"${BUILT_PRODUCTS_DIR}/SwiftyJSON/SwiftyJSON.framework",
			);
			name = "[CP] Embed Pods Frameworks";
			outputPaths = (
				"${TARGET_BUILD_DIR}/${FRAMEWORKS_FOLDER_PATH}/Alamofire.framework",
				"${TARGET_BUILD_DIR}/${FRAMEWORKS_FOLDER_PATH}/SwiftyJSON.framework",
			);
			runOnlyForDeploymentPostprocessing = 0;
			shellPath = /bin/sh;
			shellScript = "\"${SRCROOT}/Pods/Target Support Files/Pods-CommitList/Pods-CommitList-frameworks.sh\"\n";
			showEnvVarsInLog = 0;
		};
/* End PBXShellScriptBuildPhase section */

/* Begin PBXSourcesBuildPhase section */
		1BFF776720BC0ACA00B22A0C /* Sources */ = {
			isa = PBXSourcesBuildPhase;
			buildActionMask = 2147483647;
			files = (
				1BFF778820BC0E2A00B22A0C /* CommitListViewController.swift in Sources */,
				1BFF778520BC0D9B00B22A0C /* CommitTableViewCell.swift in Sources */,
				1BFF779420BC12F400B22A0C /* CommitManager.swift in Sources */,
				1BFF779120BC12B200B22A0C /* Commit.swift in Sources */,
				1BFF776F20BC0ACA00B22A0C /* AppDelegate.swift in Sources */,
				1BFF778A20BC0EC400B22A0C /* CommitTableViewController+UITableViewDataSource.swift in Sources */,
				1BFF778F20BC0FAB00B22A0C /* Strings.swift in Sources */,
				1BFF778C20BC0ED900B22A0C /* CommitTableViewController+UITableViewDelegate.swift in Sources */,
			);
			runOnlyForDeploymentPostprocessing = 0;
		};
/* End PBXSourcesBuildPhase section */

/* Begin PBXVariantGroup section */
		1BFF777220BC0ACA00B22A0C /* Main.storyboard */ = {
			isa = PBXVariantGroup;
			children = (
				1BFF777320BC0ACA00B22A0C /* Base */,
			);
			name = Main.storyboard;
			sourceTree = "<group>";
		};
		1BFF777720BC0ACE00B22A0C /* LaunchScreen.storyboard */ = {
			isa = PBXVariantGroup;
			children = (
				1BFF777820BC0ACE00B22A0C /* Base */,
			);
			name = LaunchScreen.storyboard;
			sourceTree = "<group>";
		};
/* End PBXVariantGroup section */

/* Begin XCBuildConfiguration section */
		1BFF777B20BC0ACE00B22A0C /* Debug */ = {
			isa = XCBuildConfiguration;
			buildSettings = {
				ALWAYS_SEARCH_USER_PATHS = NO;
				CLANG_ANALYZER_NONNULL = YES;
				CLANG_ANALYZER_NUMBER_OBJECT_CONVERSION = YES_AGGRESSIVE;
				CLANG_CXX_LANGUAGE_STANDARD = "gnu++14";
				CLANG_CXX_LIBRARY = "libc++";
				CLANG_ENABLE_MODULES = YES;
				CLANG_ENABLE_OBJC_ARC = YES;
				CLANG_ENABLE_OBJC_WEAK = YES;
				CLANG_WARN_BLOCK_CAPTURE_AUTORELEASING = YES;
				CLANG_WARN_BOOL_CONVERSION = YES;
				CLANG_WARN_COMMA = YES;
				CLANG_WARN_CONSTANT_CONVERSION = YES;
				CLANG_WARN_DEPRECATED_OBJC_IMPLEMENTATIONS = YES;
				CLANG_WARN_DIRECT_OBJC_ISA_USAGE = YES_ERROR;
				CLANG_WARN_DOCUMENTATION_COMMENTS = YES;
				CLANG_WARN_EMPTY_BODY = YES;
				CLANG_WARN_ENUM_CONVERSION = YES;
				CLANG_WARN_INFINITE_RECURSION = YES;
				CLANG_WARN_INT_CONVERSION = YES;
				CLANG_WARN_NON_LITERAL_NULL_CONVERSION = YES;
				CLANG_WARN_OBJC_IMPLICIT_RETAIN_SELF = YES;
				CLANG_WARN_OBJC_LITERAL_CONVERSION = YES;
				CLANG_WARN_OBJC_ROOT_CLASS = YES_ERROR;
				CLANG_WARN_RANGE_LOOP_ANALYSIS = YES;
				CLANG_WARN_STRICT_PROTOTYPES = YES;
				CLANG_WARN_SUSPICIOUS_MOVE = YES;
				CLANG_WARN_UNGUARDED_AVAILABILITY = YES_AGGRESSIVE;
				CLANG_WARN_UNREACHABLE_CODE = YES;
				CLANG_WARN__DUPLICATE_METHOD_MATCH = YES;
				CODE_SIGN_IDENTITY = "iPhone Developer";
				COPY_PHASE_STRIP = NO;
				DEBUG_INFORMATION_FORMAT = dwarf;
				ENABLE_STRICT_OBJC_MSGSEND = YES;
				ENABLE_TESTABILITY = YES;
				GCC_C_LANGUAGE_STANDARD = gnu11;
				GCC_DYNAMIC_NO_PIC = NO;
				GCC_NO_COMMON_BLOCKS = YES;
				GCC_OPTIMIZATION_LEVEL = 0;
				GCC_PREPROCESSOR_DEFINITIONS = (
					"DEBUG=1",
					"$(inherited)",
				);
				GCC_WARN_64_TO_32_BIT_CONVERSION = YES;
				GCC_WARN_ABOUT_RETURN_TYPE = YES_ERROR;
				GCC_WARN_UNDECLARED_SELECTOR = YES;
				GCC_WARN_UNINITIALIZED_AUTOS = YES_AGGRESSIVE;
				GCC_WARN_UNUSED_FUNCTION = YES;
				GCC_WARN_UNUSED_VARIABLE = YES;
				IPHONEOS_DEPLOYMENT_TARGET = 11.3;
				MTL_ENABLE_DEBUG_INFO = YES;
				ONLY_ACTIVE_ARCH = YES;
				SDKROOT = iphoneos;
				SWIFT_ACTIVE_COMPILATION_CONDITIONS = DEBUG;
				SWIFT_OPTIMIZATION_LEVEL = "-Onone";
			};
			name = Debug;
		};
		1BFF777C20BC0ACE00B22A0C /* Release */ = {
			isa = XCBuildConfiguration;
			buildSettings = {
				ALWAYS_SEARCH_USER_PATHS = NO;
				CLANG_ANALYZER_NONNULL = YES;
				CLANG_ANALYZER_NUMBER_OBJECT_CONVERSION = YES_AGGRESSIVE;
				CLANG_CXX_LANGUAGE_STANDARD = "gnu++14";
				CLANG_CXX_LIBRARY = "libc++";
				CLANG_ENABLE_MODULES = YES;
				CLANG_ENABLE_OBJC_ARC = YES;
				CLANG_ENABLE_OBJC_WEAK = YES;
				CLANG_WARN_BLOCK_CAPTURE_AUTORELEASING = YES;
				CLANG_WARN_BOOL_CONVERSION = YES;
				CLANG_WARN_COMMA = YES;
				CLANG_WARN_CONSTANT_CONVERSION = YES;
				CLANG_WARN_DEPRECATED_OBJC_IMPLEMENTATIONS = YES;
				CLANG_WARN_DIRECT_OBJC_ISA_USAGE = YES_ERROR;
				CLANG_WARN_DOCUMENTATION_COMMENTS = YES;
				CLANG_WARN_EMPTY_BODY = YES;
				CLANG_WARN_ENUM_CONVERSION = YES;
				CLANG_WARN_INFINITE_RECURSION = YES;
				CLANG_WARN_INT_CONVERSION = YES;
				CLANG_WARN_NON_LITERAL_NULL_CONVERSION = YES;
				CLANG_WARN_OBJC_IMPLICIT_RETAIN_SELF = YES;
				CLANG_WARN_OBJC_LITERAL_CONVERSION = YES;
				CLANG_WARN_OBJC_ROOT_CLASS = YES_ERROR;
				CLANG_WARN_RANGE_LOOP_ANALYSIS = YES;
				CLANG_WARN_STRICT_PROTOTYPES = YES;
				CLANG_WARN_SUSPICIOUS_MOVE = YES;
				CLANG_WARN_UNGUARDED_AVAILABILITY = YES_AGGRESSIVE;
				CLANG_WARN_UNREACHABLE_CODE = YES;
				CLANG_WARN__DUPLICATE_METHOD_MATCH = YES;
				CODE_SIGN_IDENTITY = "iPhone Developer";
				COPY_PHASE_STRIP = NO;
				DEBUG_INFORMATION_FORMAT = "dwarf-with-dsym";
				ENABLE_NS_ASSERTIONS = NO;
				ENABLE_STRICT_OBJC_MSGSEND = YES;
				GCC_C_LANGUAGE_STANDARD = gnu11;
				GCC_NO_COMMON_BLOCKS = YES;
				GCC_WARN_64_TO_32_BIT_CONVERSION = YES;
				GCC_WARN_ABOUT_RETURN_TYPE = YES_ERROR;
				GCC_WARN_UNDECLARED_SELECTOR = YES;
				GCC_WARN_UNINITIALIZED_AUTOS = YES_AGGRESSIVE;
				GCC_WARN_UNUSED_FUNCTION = YES;
				GCC_WARN_UNUSED_VARIABLE = YES;
				IPHONEOS_DEPLOYMENT_TARGET = 11.3;
				MTL_ENABLE_DEBUG_INFO = NO;
				SDKROOT = iphoneos;
				SWIFT_COMPILATION_MODE = wholemodule;
				SWIFT_OPTIMIZATION_LEVEL = "-O";
				VALIDATE_PRODUCT = YES;
			};
			name = Release;
		};
		1BFF777E20BC0ACE00B22A0C /* Debug */ = {
			isa = XCBuildConfiguration;
			baseConfigurationReference = EC1A50E46D89A7256590A6F5 /* Pods-CommitList.debug.xcconfig */;
			buildSettings = {
				ASSETCATALOG_COMPILER_APPICON_NAME = AppIcon;
				CODE_SIGN_STYLE = Automatic;
				DEVELOPMENT_TEAM = W9NRS56RXP;
				INFOPLIST_FILE = CommitList/Info.plist;
				IPHONEOS_DEPLOYMENT_TARGET = 11.0;
				LD_RUNPATH_SEARCH_PATHS = (
					"$(inherited)",
					"@executable_path/Frameworks",
				);
				PRODUCT_BUNDLE_IDENTIFIER = kawaguchiKohei.CommitList;
				PRODUCT_NAME = "$(TARGET_NAME)";
				SWIFT_VERSION = 4.0;
				TARGETED_DEVICE_FAMILY = 1;
			};
			name = Debug;
		};
		1BFF777F20BC0ACE00B22A0C /* Release */ = {
			isa = XCBuildConfiguration;
			baseConfigurationReference = 108E9E87D693661035FD890C /* Pods-CommitList.release.xcconfig */;
			buildSettings = {
				ASSETCATALOG_COMPILER_APPICON_NAME = AppIcon;
				CODE_SIGN_STYLE = Automatic;
				DEVELOPMENT_TEAM = W9NRS56RXP;
				INFOPLIST_FILE = CommitList/Info.plist;
				IPHONEOS_DEPLOYMENT_TARGET = 11.0;
				LD_RUNPATH_SEARCH_PATHS = (
					"$(inherited)",
					"@executable_path/Frameworks",
				);
				PRODUCT_BUNDLE_IDENTIFIER = kawaguchiKohei.CommitList;
				PRODUCT_NAME = "$(TARGET_NAME)";
				SWIFT_VERSION = 4.0;
				TARGETED_DEVICE_FAMILY = 1;
			};
			name = Release;
		};
/* End XCBuildConfiguration section */

/* Begin XCConfigurationList section */
		1BFF776620BC0ACA00B22A0C /* Build configuration list for PBXProject "CommitList" */ = {
			isa = XCConfigurationList;
			buildConfigurations = (
				1BFF777B20BC0ACE00B22A0C /* Debug */,
				1BFF777C20BC0ACE00B22A0C /* Release */,
			);
			defaultConfigurationIsVisible = 0;
			defaultConfigurationName = Release;
		};
		1BFF777D20BC0ACE00B22A0C /* Build configuration list for PBXNativeTarget "CommitList" */ = {
			isa = XCConfigurationList;
			buildConfigurations = (
				1BFF777E20BC0ACE00B22A0C /* Debug */,
				1BFF777F20BC0ACE00B22A0C /* Release */,
			);
			defaultConfigurationIsVisible = 0;
			defaultConfigurationName = Release;
		};
/* End XCConfigurationList section */
	};
	rootObject = 1BFF776320BC0ACA00B22A0C /* Project object */;
}
